{
  "object": {
    "pins": [
      {
        "package": "OrderedDictionary",
        "repositoryURL": "https://github.com/lukaskubanek/OrderedDictionary",
        "state": {
          "branch": null,
          "revision": "891ecf6e2d5a5cc652ae9f3ee615c65dfa71ee01",
          "version": "4.0.0"
        }
      }
    ]
  },
  "version": 1
}
